
Microsoft Visual Studio Solution File, Format Version 10.00
# Visual Studio 2008
Project("{8BC9CEB8-8B4A-11D0-8D11-00A0C91BC942}") = "SHIOLINK2", "SHIOLINK2\SHIOLINK2.vcproj", "{6BB9FE6B-A087-4453-9A2A-C70FE3EC0012}"
	ProjectSection(ProjectDependencies) = postProject
		{4125BC80-C508-4085-A552-E4DE222D469C} = {4125BC80-C508-4085-A552-E4DE222D469C}
	EndProjectSection
EndProject
Project("{8BC9CEB8-8B4A-11D0-8D11-00A0C91BC942}") = "CORE", "CORE\CORE.vcproj", "{4125BC80-C508-4085-A552-E4DE222D469C}"
EndProject
Project("{8BC9CEB8-8B4A-11D0-8D11-00A0C91BC942}") = "TEST", "TEST\TEST.vcproj", "{CD1F52A7-3A41-4342-A646-BD41792035B9}"
	ProjectSection(ProjectDependencies) = postProject
		{4125BC80-C508-4085-A552-E4DE222D469C} = {4125BC80-C508-4085-A552-E4DE222D469C}
		{3AF54C8A-10BF-4332-9147-F68ED9862032} = {3AF54C8A-10BF-4332-9147-F68ED9862032}
	EndProjectSection
EndProject
Project("{2150E333-8FDC-42A3-9474-1A3956D46DE8}") = "gtest", "gtest", "{10DF30E2-4C5B-4B08-A4EC-EF086DF585A1}"
EndProject
Project("{8BC9CEB8-8B4A-11D0-8D11-00A0C91BC942}") = "gtest", "..\..\externals\gtest\vs2008\gtest.vcproj", "{C8F6C172-56F2-4E76-B5FA-C3B423B31BE7}"
EndProject
Project("{8BC9CEB8-8B4A-11D0-8D11-00A0C91BC942}") = "gtest_main", "..\..\externals\gtest\vs2008\gtest_main.vcproj", "{3AF54C8A-10BF-4332-9147-F68ED9862032}"
EndProject
Global
	GlobalSection(SolutionConfigurationPlatforms) = preSolution
		Debug|Win32 = Debug|Win32
		Release|Win32 = Release|Win32
	EndGlobalSection
	GlobalSection(ProjectConfigurationPlatforms) = postSolution
		{6BB9FE6B-A087-4453-9A2A-C70FE3EC0012}.Debug|Win32.ActiveCfg = Debug|Win32
		{6BB9FE6B-A087-4453-9A2A-C70FE3EC0012}.Debug|Win32.Build.0 = Debug|Win32
		{6BB9FE6B-A087-4453-9A2A-C70FE3EC0012}.Release|Win32.ActiveCfg = Release|Win32
		{6BB9FE6B-A087-4453-9A2A-C70FE3EC0012}.Release|Win32.Build.0 = Release|Win32
		{4125BC80-C508-4085-A552-E4DE222D469C}.Debug|Win32.ActiveCfg = Debug|Win32
		{4125BC80-C508-4085-A552-E4DE222D469C}.Debug|Win32.Build.0 = Debug|Win32
		{4125BC80-C508-4085-A552-E4DE222D469C}.Release|Win32.ActiveCfg = Release|Win32
		{4125BC80-C508-4085-A552-E4DE222D469C}.Release|Win32.Build.0 = Release|Win32
		{CD1F52A7-3A41-4342-A646-BD41792035B9}.Debug|Win32.ActiveCfg = Debug|Win32
		{CD1F52A7-3A41-4342-A646-BD41792035B9}.Debug|Win32.Build.0 = Debug|Win32
		{CD1F52A7-3A41-4342-A646-BD41792035B9}.Release|Win32.ActiveCfg = Release|Win32
		{CD1F52A7-3A41-4342-A646-BD41792035B9}.Release|Win32.Build.0 = Release|Win32
		{C8F6C172-56F2-4E76-B5FA-C3B423B31BE7}.Debug|Win32.ActiveCfg = Debug|Win32
		{C8F6C172-56F2-4E76-B5FA-C3B423B31BE7}.Debug|Win32.Build.0 = Debug|Win32
		{C8F6C172-56F2-4E76-B5FA-C3B423B31BE7}.Release|Win32.ActiveCfg = Release|Win32
		{C8F6C172-56F2-4E76-B5FA-C3B423B31BE7}.Release|Win32.Build.0 = Release|Win32
		{3AF54C8A-10BF-4332-9147-F68ED9862032}.Debug|Win32.ActiveCfg = Debug|Win32
		{3AF54C8A-10BF-4332-9147-F68ED9862032}.Debug|Win32.Build.0 = Debug|Win32
		{3AF54C8A-10BF-4332-9147-F68ED9862032}.Release|Win32.ActiveCfg = Release|Win32
		{3AF54C8A-10BF-4332-9147-F68ED9862032}.Release|Win32.Build.0 = Release|Win32
	EndGlobalSection
	GlobalSection(SolutionProperties) = preSolution
		HideSolutionNode = FALSE
	EndGlobalSection
	GlobalSection(NestedProjects) = preSolution
		{C8F6C172-56F2-4E76-B5FA-C3B423B31BE7} = {10DF30E2-4C5B-4B08-A4EC-EF086DF585A1}
		{3AF54C8A-10BF-4332-9147-F68ED9862032} = {10DF30E2-4C5B-4B08-A4EC-EF086DF585A1}
	EndGlobalSection
EndGlobal
