
Microsoft Visual Studio Solution File, Format Version 9.00
# Visual Studio 2005
Project("{8BC9CEB8-8B4A-11D0-8D11-00A0C91BC942}") = "re2c", "re2c\re2c.vcproj", "{881CD663-3629-499D-88E0-066312DA3D7D}"
EndProject
Global
	GlobalSection(SubversionScc) = preSolution
		Svn-Managed = True
		Manager = AnkhSVN - Subversion Support for Visual Studio
	EndGlobalSection
	GlobalSection(SolutionConfigurationPlatforms) = preSolution
		Debug|Win32 = Debug|Win32
		Release|Win32 = Release|Win32
	EndGlobalSection
	GlobalSection(ProjectConfigurationPlatforms) = postSolution
		{881CD663-3629-499D-88E0-066312DA3D7D}.Debug|Win32.ActiveCfg = Debug|Win32
		{881CD663-3629-499D-88E0-066312DA3D7D}.Debug|Win32.Build.0 = Debug|Win32
		{881CD663-3629-499D-88E0-066312DA3D7D}.Release|Win32.ActiveCfg = Release|Win32
		{881CD663-3629-499D-88E0-066312DA3D7D}.Release|Win32.Build.0 = Release|Win32
	EndGlobalSection
	GlobalSection(SolutionProperties) = preSolution
		HideSolutionNode = FALSE
	EndGlobalSection
EndGlobal
